
Microsoft Visual Studio Solution File, Format Version 12.00
# Visual Studio Version 16
VisualStudioVersion = 16.0.30320.27
MinimumVisualStudioVersion = 10.0.40219.1
Project("{FAE04EC0-301F-11D3-BF4B-00C04F79EFBC}") = "GraphicEditor", "GraphicEditor.csproj", "{2A753815-281D-43A2-B299-79E1CDBAFAF2}"
EndProject
Global
	GlobalSection(SolutionConfigurationPlatforms) = preSolution
		Debug|Any CPU = Debug|Any CPU
		Release|Any CPU = Release|Any CPU
	EndGlobalSection
	GlobalSection(ProjectConfigurationPlatforms) = postSolution
		{2A753815-281D-43A2-B299-79E1CDBAFAF2}.Debug|Any CPU.ActiveCfg = Debug|Any CPU
		{2A753815-281D-43A2-B299-79E1CDBAFAF2}.Debug|Any CPU.Build.0 = Debug|Any CPU
		{2A753815-281D-43A2-B299-79E1CDBAFAF2}.Release|Any CPU.ActiveCfg = Release|Any CPU
		{2A753815-281D-43A2-B299-79E1CDBAFAF2}.Release|Any CPU.Build.0 = Release|Any CPU
	EndGlobalSection
	GlobalSection(SolutionProperties) = preSolution
		HideSolutionNode = FALSE
	EndGlobalSection
	GlobalSection(ExtensibilityGlobals) = postSolution
		SolutionGuid = {B88D6103-EFAB-4F11-BB0B-1574C94A62ED}
	EndGlobalSection
EndGlobal
